
Microsoft Visual Studio Solution File, Format Version 12.00
# Visual Studio 15
VisualStudioVersion = 15.0.25123.0
MinimumVisualStudioVersion = 10.0.40219.1
Project("{FAE04EC0-301F-11D3-BF4B-00C04F79EFBC}") = "MinAsm", "MinAsm\MinAsm.csproj", "{B9984A81-2EF2-43D1-BCE2-12F4A378F15B}"
EndProject
Project("{FAE04EC0-301F-11D3-BF4B-00C04F79EFBC}") = "MinAsm.Tests", "MinAsm.Tests\MinAsm.Tests.csproj", "{38AC5FB0-A7CB-49DA-A738-625881A54F70}"
EndProject
Project("{888888A0-9F3D-457C-B088-3A5042F75D52}") = "OpcodeGenerator", "OpcodeGenerator\OpcodeGenerator.pyproj", "{96372F01-CB1C-4BD4-A388-69D44CE47025}"
EndProject
Global
	GlobalSection(SolutionConfigurationPlatforms) = preSolution
		Debug|Any CPU = Debug|Any CPU
		Release|Any CPU = Release|Any CPU
	EndGlobalSection
	GlobalSection(ProjectConfigurationPlatforms) = postSolution
		{B9984A81-2EF2-43D1-BCE2-12F4A378F15B}.Debug|Any CPU.ActiveCfg = Debug|Any CPU
		{B9984A81-2EF2-43D1-BCE2-12F4A378F15B}.Debug|Any CPU.Build.0 = Debug|Any CPU
		{B9984A81-2EF2-43D1-BCE2-12F4A378F15B}.Release|Any CPU.ActiveCfg = Release|Any CPU
		{B9984A81-2EF2-43D1-BCE2-12F4A378F15B}.Release|Any CPU.Build.0 = Release|Any CPU
		{38AC5FB0-A7CB-49DA-A738-625881A54F70}.Debug|Any CPU.ActiveCfg = Debug|Any CPU
		{38AC5FB0-A7CB-49DA-A738-625881A54F70}.Debug|Any CPU.Build.0 = Debug|Any CPU
		{38AC5FB0-A7CB-49DA-A738-625881A54F70}.Release|Any CPU.ActiveCfg = Release|Any CPU
		{38AC5FB0-A7CB-49DA-A738-625881A54F70}.Release|Any CPU.Build.0 = Release|Any CPU
		{96372F01-CB1C-4BD4-A388-69D44CE47025}.Debug|Any CPU.ActiveCfg = Debug|Any CPU
		{96372F01-CB1C-4BD4-A388-69D44CE47025}.Release|Any CPU.ActiveCfg = Release|Any CPU
	EndGlobalSection
	GlobalSection(SolutionProperties) = preSolution
		HideSolutionNode = FALSE
	EndGlobalSection
EndGlobal
